{
  "requires": true,
  "lockfileVersion": 1,
  "dependencies": {
    "please-wait": {
      "version": "0.0.5",
      "resolved": "https://registry.npmjs.org/please-wait/-/please-wait-0.0.5.tgz",
      "integrity": "sha1-ZwmM5iYOkuCAni07fCPx0Wfa2WA="
    },
    "spin.js": {
      "version": "4.0.0",
      "resolved": "https://registry.npmjs.org/spin.js/-/spin.js-4.0.0.tgz",
      "integrity": "sha512-uJN9Q4/I4I7PRZAp1c5reoY89thAfvFB5thbJncAwkPjPhqCfUrCooJc8GMN8q8WKFGIMy+JMf477RW7deCInA=="
    }
  }
}
